// !$*UTF8*$!
{
	archiveVersion = 1;
	classes = {
	};
	objectVersion = 51;
	objects = {

/* Begin PBXBuildFile section */
		55F393CAFC7684B31CE60C06 /* Pods_ShareIt.framework in Frameworks */ = {isa = PBXBuildFile; fileRef = F4FF75CBF7E9463F062A3BA9 /* Pods_ShareIt.framework */; };
		D02763A12464765A00C125DB /* LoginViewController.swift in Sources */ = {isa = PBXBuildFile; fileRef = D02763A02464765A00C125DB /* LoginViewController.swift */; };
		D02FCD9E2466FCB40003C029 /* GoogleService-Info.plist in Resources */ = {isa = PBXBuildFile; fileRef = D02FCD9D2466FCB40003C029 /* GoogleService-Info.plist */; };
		D0AA8E2F2464745A00960CA0 /* AppDelegate.swift in Sources */ = {isa = PBXBuildFile; fileRef = D0AA8E2E2464745A00960CA0 /* AppDelegate.swift */; };
		D0AA8E312464745A00960CA0 /* SceneDelegate.swift in Sources */ = {isa = PBXBuildFile; fileRef = D0AA8E302464745A00960CA0 /* SceneDelegate.swift */; };
		D0AA8E332464745A00960CA0 /* RegisterViewController.swift in Sources */ = {isa = PBXBuildFile; fileRef = D0AA8E322464745A00960CA0 /* RegisterViewController.swift */; };
		D0AA8E362464745A00960CA0 /* Main.storyboard in Resources */ = {isa = PBXBuildFile; fileRef = D0AA8E342464745A00960CA0 /* Main.storyboard */; };
		D0AA8E382464745B00960CA0 /* Assets.xcassets in Resources */ = {isa = PBXBuildFile; fileRef = D0AA8E372464745B00960CA0 /* Assets.xcassets */; };
		D0AA8E3B2464745B00960CA0 /* LaunchScreen.storyboard in Resources */ = {isa = PBXBuildFile; fileRef = D0AA8E392464745B00960CA0 /* LaunchScreen.storyboard */; };
		D0CD7FCC246D914D00D9EC0F /* MapViewController.swift in Sources */ = {isa = PBXBuildFile; fileRef = D0CD7FCB246D914D00D9EC0F /* MapViewController.swift */; };
		D0CD7FD0246DC65300D9EC0F /* LocationListViewController.swift in Sources */ = {isa = PBXBuildFile; fileRef = D0CD7FCF246DC65300D9EC0F /* LocationListViewController.swift */; };
		D0CD7FD2246DC66700D9EC0F /* UserProfileViewController.swift in Sources */ = {isa = PBXBuildFile; fileRef = D0CD7FD1246DC66700D9EC0F /* UserProfileViewController.swift */; };
/* End PBXBuildFile section */

/* Begin PBXFileReference section */
		0BB1D2FC5F6B0A572B94F696 /* Pods-ShareIt.release.xcconfig */ = {isa = PBXFileReference; includeInIndex = 1; lastKnownFileType = text.xcconfig; name = "Pods-ShareIt.release.xcconfig"; path = "Target Support Files/Pods-ShareIt/Pods-ShareIt.release.xcconfig"; sourceTree = "<group>"; };
		2C86CED2BD3D91F4746ECDC3 /* Pods-ShareIt.debug.xcconfig */ = {isa = PBXFileReference; includeInIndex = 1; lastKnownFileType = text.xcconfig; name = "Pods-ShareIt.debug.xcconfig"; path = "Target Support Files/Pods-ShareIt/Pods-ShareIt.debug.xcconfig"; sourceTree = "<group>"; };
		D02763A02464765A00C125DB /* LoginViewController.swift */ = {isa = PBXFileReference; lastKnownFileType = sourcecode.swift; path = LoginViewController.swift; sourceTree = "<group>"; };
		D02FCD9D2466FCB40003C029 /* GoogleService-Info.plist */ = {isa = PBXFileReference; fileEncoding = 4; lastKnownFileType = text.plist.xml; path = "GoogleService-Info.plist"; sourceTree = "<group>"; };
		D0AA8E2B2464745A00960CA0 /* ShareIt.app */ = {isa = PBXFileReference; explicitFileType = wrapper.application; includeInIndex = 0; path = ShareIt.app; sourceTree = BUILT_PRODUCTS_DIR; };
		D0AA8E2E2464745A00960CA0 /* AppDelegate.swift */ = {isa = PBXFileReference; lastKnownFileType = sourcecode.swift; path = AppDelegate.swift; sourceTree = "<group>"; };
		D0AA8E302464745A00960CA0 /* SceneDelegate.swift */ = {isa = PBXFileReference; lastKnownFileType = sourcecode.swift; path = SceneDelegate.swift; sourceTree = "<group>"; };
		D0AA8E322464745A00960CA0 /* RegisterViewController.swift */ = {isa = PBXFileReference; lastKnownFileType = sourcecode.swift; path = RegisterViewController.swift; sourceTree = "<group>"; };
		D0AA8E352464745A00960CA0 /* Base */ = {isa = PBXFileReference; lastKnownFileType = file.storyboard; name = Base; path = Base.lproj/Main.storyboard; sourceTree = "<group>"; };
		D0AA8E372464745B00960CA0 /* Assets.xcassets */ = {isa = PBXFileReference; lastKnownFileType = folder.assetcatalog; path = Assets.xcassets; sourceTree = "<group>"; };
		D0AA8E3A2464745B00960CA0 /* Base */ = {isa = PBXFileReference; lastKnownFileType = file.storyboard; name = Base; path = Base.lproj/LaunchScreen.storyboard; sourceTree = "<group>"; };
		D0AA8E3C2464745B00960CA0 /* Info.plist */ = {isa = PBXFileReference; lastKnownFileType = text.plist.xml; path = Info.plist; sourceTree = "<group>"; };
		D0CD7FCB246D914D00D9EC0F /* MapViewController.swift */ = {isa = PBXFileReference; lastKnownFileType = sourcecode.swift; path = MapViewController.swift; sourceTree = "<group>"; };
		D0CD7FCF246DC65300D9EC0F /* LocationListViewController.swift */ = {isa = PBXFileReference; lastKnownFileType = sourcecode.swift; path = LocationListViewController.swift; sourceTree = "<group>"; };
		D0CD7FD1246DC66700D9EC0F /* UserProfileViewController.swift */ = {isa = PBXFileReference; lastKnownFileType = sourcecode.swift; path = UserProfileViewController.swift; sourceTree = "<group>"; };
		F4FF75CBF7E9463F062A3BA9 /* Pods_ShareIt.framework */ = {isa = PBXFileReference; explicitFileType = wrapper.framework; includeInIndex = 0; path = Pods_ShareIt.framework; sourceTree = BUILT_PRODUCTS_DIR; };
/* End PBXFileReference section */

/* Begin PBXFrameworksBuildPhase section */
		D0AA8E282464745A00960CA0 /* Frameworks */ = {
			isa = PBXFrameworksBuildPhase;
			buildActionMask = 2147483647;
			files = (
				55F393CAFC7684B31CE60C06 /* Pods_ShareIt.framework in Frameworks */,
			);
			runOnlyForDeploymentPostprocessing = 0;
		};
/* End PBXFrameworksBuildPhase section */

/* Begin PBXGroup section */
		0347092A8B297D5D12C0538A /* Frameworks */ = {
			isa = PBXGroup;
			children = (
				F4FF75CBF7E9463F062A3BA9 /* Pods_ShareIt.framework */,
			);
			name = Frameworks;
			sourceTree = "<group>";
		};
		1FDED6197E9C0AA46A52031F /* Pods */ = {
			isa = PBXGroup;
			children = (
				2C86CED2BD3D91F4746ECDC3 /* Pods-ShareIt.debug.xcconfig */,
				0BB1D2FC5F6B0A572B94F696 /* Pods-ShareIt.release.xcconfig */,
			);
			path = Pods;
			sourceTree = "<group>";
		};
		D0AA8E222464745A00960CA0 = {
			isa = PBXGroup;
			children = (
				D0AA8E2D2464745A00960CA0 /* ShareIt */,
				D0AA8E2C2464745A00960CA0 /* Products */,
				1FDED6197E9C0AA46A52031F /* Pods */,
				0347092A8B297D5D12C0538A /* Frameworks */,
			);
			sourceTree = "<group>";
		};
		D0AA8E2C2464745A00960CA0 /* Products */ = {
			isa = PBXGroup;
			children = (
				D0AA8E2B2464745A00960CA0 /* ShareIt.app */,
			);
			name = Products;
			sourceTree = "<group>";
		};
		D0AA8E2D2464745A00960CA0 /* ShareIt */ = {
			isa = PBXGroup;
			children = (
				D0AA8E2E2464745A00960CA0 /* AppDelegate.swift */,
				D0AA8E302464745A00960CA0 /* SceneDelegate.swift */,
				D02763A02464765A00C125DB /* LoginViewController.swift */,
				D0AA8E322464745A00960CA0 /* RegisterViewController.swift */,
				D0CD7FCB246D914D00D9EC0F /* MapViewController.swift */,
				D0AA8E342464745A00960CA0 /* Main.storyboard */,
				D0AA8E372464745B00960CA0 /* Assets.xcassets */,
				D0AA8E392464745B00960CA0 /* LaunchScreen.storyboard */,
				D0AA8E3C2464745B00960CA0 /* Info.plist */,
				D02FCD9D2466FCB40003C029 /* GoogleService-Info.plist */,
				D0CD7FCF246DC65300D9EC0F /* LocationListViewController.swift */,
				D0CD7FD1246DC66700D9EC0F /* UserProfileViewController.swift */,
			);
			path = ShareIt;
			sourceTree = "<group>";
		};
/* End PBXGroup section */

/* Begin PBXNativeTarget section */
		D0AA8E2A2464745A00960CA0 /* ShareIt */ = {
			isa = PBXNativeTarget;
			buildConfigurationList = D0AA8E3F2464745B00960CA0 /* Build configuration list for PBXNativeTarget "ShareIt" */;
			buildPhases = (
				10950568B8DE4CEE02D95445 /* [CP] Check Pods Manifest.lock */,
				D0AA8E272464745A00960CA0 /* Sources */,
				D0AA8E282464745A00960CA0 /* Frameworks */,
				D0AA8E292464745A00960CA0 /* Resources */,
				358EB0AEAA160140E50B860F /* [CP] Embed Pods Frameworks */,
			);
			buildRules = (
			);
			dependencies = (
			);
			name = ShareIt;
			productName = ShareIt;
			productReference = D0AA8E2B2464745A00960CA0 /* ShareIt.app */;
			productType = "com.apple.product-type.application";
		};
/* End PBXNativeTarget section */

/* Begin PBXProject section */
		D0AA8E232464745A00960CA0 /* Project object */ = {
			isa = PBXProject;
			attributes = {
				LastSwiftUpdateCheck = 1140;
				LastUpgradeCheck = 1140;
				ORGANIZATIONNAME = "Deniz Cakmak";
				TargetAttributes = {
					D0AA8E2A2464745A00960CA0 = {
						CreatedOnToolsVersion = 11.4.1;
					};
				};
			};
			buildConfigurationList = D0AA8E262464745A00960CA0 /* Build configuration list for PBXProject "ShareIt" */;
			compatibilityVersion = "Xcode 9.3";
			developmentRegion = en;
			hasScannedForEncodings = 0;
			knownRegions = (
				en,
				Base,
			);
			mainGroup = D0AA8E222464745A00960CA0;
			productRefGroup = D0AA8E2C2464745A00960CA0 /* Products */;
			projectDirPath = "";
			projectRoot = "";
			targets = (
				D0AA8E2A2464745A00960CA0 /* ShareIt */,
			);
		};
/* End PBXProject section */

/* Begin PBXResourcesBuildPhase section */
		D0AA8E292464745A00960CA0 /* Resources */ = {
			isa = PBXResourcesBuildPhase;
			buildActionMask = 2147483647;
			files = (
				D0AA8E3B2464745B00960CA0 /* LaunchScreen.storyboard in Resources */,
				D02FCD9E2466FCB40003C029 /* GoogleService-Info.plist in Resources */,
				D0AA8E382464745B00960CA0 /* Assets.xcassets in Resources */,
				D0AA8E362464745A00960CA0 /* Main.storyboard in Resources */,
			);
			runOnlyForDeploymentPostprocessing = 0;
		};
/* End PBXResourcesBuildPhase section */

/* Begin PBXShellScriptBuildPhase section */
		10950568B8DE4CEE02D95445 /* [CP] Check Pods Manifest.lock */ = {
			isa = PBXShellScriptBuildPhase;
			buildActionMask = 2147483647;
			files = (
			);
			inputFileListPaths = (
			);
			inputPaths = (
				"${PODS_PODFILE_DIR_PATH}/Podfile.lock",
				"${PODS_ROOT}/Manifest.lock",
			);
			name = "[CP] Check Pods Manifest.lock";
			outputFileListPaths = (
			);
			outputPaths = (
				"$(DERIVED_FILE_DIR)/Pods-ShareIt-checkManifestLockResult.txt",
			);
			runOnlyForDeploymentPostprocessing = 0;
			shellPath = /bin/sh;
			shellScript = "diff \"${PODS_PODFILE_DIR_PATH}/Podfile.lock\" \"${PODS_ROOT}/Manifest.lock\" > /dev/null\nif [ $? != 0 ] ; then\n    # print error to STDERR\n    echo \"error: The sandbox is not in sync with the Podfile.lock. Run 'pod install' or update your CocoaPods installation.\" >&2\n    exit 1\nfi\n# This output is used by Xcode 'outputs' to avoid re-running this script phase.\necho \"SUCCESS\" > \"${SCRIPT_OUTPUT_FILE_0}\"\n";
			showEnvVarsInLog = 0;
		};
		358EB0AEAA160140E50B860F /* [CP] Embed Pods Frameworks */ = {
			isa = PBXShellScriptBuildPhase;
			buildActionMask = 2147483647;
			files = (
			);
			inputFileListPaths = (
				"${PODS_ROOT}/Target Support Files/Pods-ShareIt/Pods-ShareIt-frameworks-${CONFIGURATION}-input-files.xcfilelist",
			);
			name = "[CP] Embed Pods Frameworks";
			outputFileListPaths = (
				"${PODS_ROOT}/Target Support Files/Pods-ShareIt/Pods-ShareIt-frameworks-${CONFIGURATION}-output-files.xcfilelist",
			);
			runOnlyForDeploymentPostprocessing = 0;
			shellPath = /bin/sh;
			shellScript = "\"${PODS_ROOT}/Target Support Files/Pods-ShareIt/Pods-ShareIt-frameworks.sh\"\n";
			showEnvVarsInLog = 0;
		};
/* End PBXShellScriptBuildPhase section */

/* Begin PBXSourcesBuildPhase section */
		D0AA8E272464745A00960CA0 /* Sources */ = {
			isa = PBXSourcesBuildPhase;
			buildActionMask = 2147483647;
			files = (
				D02763A12464765A00C125DB /* LoginViewController.swift in Sources */,
				D0AA8E332464745A00960CA0 /* RegisterViewController.swift in Sources */,
				D0CD7FD2246DC66700D9EC0F /* UserProfileViewController.swift in Sources */,
				D0AA8E2F2464745A00960CA0 /* AppDelegate.swift in Sources */,
				D0CD7FCC246D914D00D9EC0F /* MapViewController.swift in Sources */,
				D0CD7FD0246DC65300D9EC0F /* LocationListViewController.swift in Sources */,
				D0AA8E312464745A00960CA0 /* SceneDelegate.swift in Sources */,
			);
			runOnlyForDeploymentPostprocessing = 0;
		};
/* End PBXSourcesBuildPhase section */

/* Begin PBXVariantGroup section */
		D0AA8E342464745A00960CA0 /* Main.storyboard */ = {
			isa = PBXVariantGroup;
			children = (
				D0AA8E352464745A00960CA0 /* Base */,
			);
			name = Main.storyboard;
			sourceTree = "<group>";
		};
		D0AA8E392464745B00960CA0 /* LaunchScreen.storyboard */ = {
			isa = PBXVariantGroup;
			children = (
				D0AA8E3A2464745B00960CA0 /* Base */,
			);
			name = LaunchScreen.storyboard;
			sourceTree = "<group>";
		};
/* End PBXVariantGroup section */

/* Begin XCBuildConfiguration section */
		D0AA8E3D2464745B00960CA0 /* Debug */ = {
			isa = XCBuildConfiguration;
			buildSettings = {
				ALWAYS_SEARCH_USER_PATHS = NO;
				CLANG_ANALYZER_NONNULL = YES;
				CLANG_ANALYZER_NUMBER_OBJECT_CONVERSION = YES_AGGRESSIVE;
				CLANG_CXX_LANGUAGE_STANDARD = "gnu++14";
				CLANG_CXX_LIBRARY = "libc++";
				CLANG_ENABLE_MODULES = YES;
				CLANG_ENABLE_OBJC_ARC = YES;
				CLANG_ENABLE_OBJC_WEAK = YES;
				CLANG_WARN_BLOCK_CAPTURE_AUTORELEASING = YES;
				CLANG_WARN_BOOL_CONVERSION = YES;
				CLANG_WARN_COMMA = YES;
				CLANG_WARN_CONSTANT_CONVERSION = YES;
				CLANG_WARN_DEPRECATED_OBJC_IMPLEMENTATIONS = YES;
				CLANG_WARN_DIRECT_OBJC_ISA_USAGE = YES_ERROR;
				CLANG_WARN_DOCUMENTATION_COMMENTS = YES;
				CLANG_WARN_EMPTY_BODY = YES;
				CLANG_WARN_ENUM_CONVERSION = YES;
				CLANG_WARN_INFINITE_RECURSION = YES;
				CLANG_WARN_INT_CONVERSION = YES;
				CLANG_WARN_NON_LITERAL_NULL_CONVERSION = YES;
				CLANG_WARN_OBJC_IMPLICIT_RETAIN_SELF = YES;
				CLANG_WARN_OBJC_LITERAL_CONVERSION = YES;
				CLANG_WARN_OBJC_ROOT_CLASS = YES_ERROR;
				CLANG_WARN_RANGE_LOOP_ANALYSIS = YES;
				CLANG_WARN_STRICT_PROTOTYPES = YES;
				CLANG_WARN_SUSPICIOUS_MOVE = YES;
				CLANG_WARN_UNGUARDED_AVAILABILITY = YES_AGGRESSIVE;
				CLANG_WARN_UNREACHABLE_CODE = YES;
				CLANG_WARN__DUPLICATE_METHOD_MATCH = YES;
				COPY_PHASE_STRIP = NO;
				DEBUG_INFORMATION_FORMAT = dwarf;
				ENABLE_STRICT_OBJC_MSGSEND = YES;
				ENABLE_TESTABILITY = YES;
				GCC_C_LANGUAGE_STANDARD = gnu11;
				GCC_DYNAMIC_NO_PIC = NO;
				GCC_NO_COMMON_BLOCKS = YES;
				GCC_OPTIMIZATION_LEVEL = 0;
				GCC_PREPROCESSOR_DEFINITIONS = (
					"DEBUG=1",
					"$(inherited)",
				);
				GCC_WARN_64_TO_32_BIT_CONVERSION = YES;
				GCC_WARN_ABOUT_RETURN_TYPE = YES_ERROR;
				GCC_WARN_UNDECLARED_SELECTOR = YES;
				GCC_WARN_UNINITIALIZED_AUTOS = YES_AGGRESSIVE;
				GCC_WARN_UNUSED_FUNCTION = YES;
				GCC_WARN_UNUSED_VARIABLE = YES;
				IPHONEOS_DEPLOYMENT_TARGET = 13.0;
				MTL_ENABLE_DEBUG_INFO = INCLUDE_SOURCE;
				MTL_FAST_MATH = YES;
				ONLY_ACTIVE_ARCH = YES;
				SDKROOT = iphoneos;
				SWIFT_ACTIVE_COMPILATION_CONDITIONS = DEBUG;
				SWIFT_OPTIMIZATION_LEVEL = "-Onone";
			};
			name = Debug;
		};
		D0AA8E3E2464745B00960CA0 /* Release */ = {
			isa = XCBuildConfiguration;
			buildSettings = {
				ALWAYS_SEARCH_USER_PATHS = NO;
				CLANG_ANALYZER_NONNULL = YES;
				CLANG_ANALYZER_NUMBER_OBJECT_CONVERSION = YES_AGGRESSIVE;
				CLANG_CXX_LANGUAGE_STANDARD = "gnu++14";
				CLANG_CXX_LIBRARY = "libc++";
				CLANG_ENABLE_MODULES = YES;
				CLANG_ENABLE_OBJC_ARC = YES;
				CLANG_ENABLE_OBJC_WEAK = YES;
				CLANG_WARN_BLOCK_CAPTURE_AUTORELEASING = YES;
				CLANG_WARN_BOOL_CONVERSION = YES;
				CLANG_WARN_COMMA = YES;
				CLANG_WARN_CONSTANT_CONVERSION = YES;
				CLANG_WARN_DEPRECATED_OBJC_IMPLEMENTATIONS = YES;
				CLANG_WARN_DIRECT_OBJC_ISA_USAGE = YES_ERROR;
				CLANG_WARN_DOCUMENTATION_COMMENTS = YES;
				CLANG_WARN_EMPTY_BODY = YES;
				CLANG_WARN_ENUM_CONVERSION = YES;
				CLANG_WARN_INFINITE_RECURSION = YES;
				CLANG_WARN_INT_CONVERSION = YES;
				CLANG_WARN_NON_LITERAL_NULL_CONVERSION = YES;
				CLANG_WARN_OBJC_IMPLICIT_RETAIN_SELF = YES;
				CLANG_WARN_OBJC_LITERAL_CONVERSION = YES;
				CLANG_WARN_OBJC_ROOT_CLASS = YES_ERROR;
				CLANG_WARN_RANGE_LOOP_ANALYSIS = YES;
				CLANG_WARN_STRICT_PROTOTYPES = YES;
				CLANG_WARN_SUSPICIOUS_MOVE = YES;
				CLANG_WARN_UNGUARDED_AVAILABILITY = YES_AGGRESSIVE;
				CLANG_WARN_UNREACHABLE_CODE = YES;
				CLANG_WARN__DUPLICATE_METHOD_MATCH = YES;
				COPY_PHASE_STRIP = NO;
				DEBUG_INFORMATION_FORMAT = "dwarf-with-dsym";
				ENABLE_NS_ASSERTIONS = NO;
				ENABLE_STRICT_OBJC_MSGSEND = YES;
				GCC_C_LANGUAGE_STANDARD = gnu11;
				GCC_NO_COMMON_BLOCKS = YES;
				GCC_WARN_64_TO_32_BIT_CONVERSION = YES;
				GCC_WARN_ABOUT_RETURN_TYPE = YES_ERROR;
				GCC_WARN_UNDECLARED_SELECTOR = YES;
				GCC_WARN_UNINITIALIZED_AUTOS = YES_AGGRESSIVE;
				GCC_WARN_UNUSED_FUNCTION = YES;
				GCC_WARN_UNUSED_VARIABLE = YES;
				IPHONEOS_DEPLOYMENT_TARGET = 13.0;
				MTL_ENABLE_DEBUG_INFO = NO;
				MTL_FAST_MATH = YES;
				SDKROOT = iphoneos;
				SWIFT_COMPILATION_MODE = wholemodule;
				SWIFT_OPTIMIZATION_LEVEL = "-O";
				VALIDATE_PRODUCT = YES;
			};
			name = Release;
		};
		D0AA8E402464745B00960CA0 /* Debug */ = {
			isa = XCBuildConfiguration;
			baseConfigurationReference = 2C86CED2BD3D91F4746ECDC3 /* Pods-ShareIt.debug.xcconfig */;
			buildSettings = {
				ASSETCATALOG_COMPILER_APPICON_NAME = AppIcon;
				CODE_SIGN_STYLE = Automatic;
				DEVELOPMENT_TEAM = HD2RKYZB55;
				INFOPLIST_FILE = ShareIt/Info.plist;
				LD_RUNPATH_SEARCH_PATHS = (
					"$(inherited)",
					"@executable_path/Frameworks",
				);
				PRODUCT_BUNDLE_IDENTIFIER = "Deniz-Cakmak.ShareIt";
				PRODUCT_NAME = "$(TARGET_NAME)";
				SWIFT_VERSION = 5.0;
				TARGETED_DEVICE_FAMILY = "1,2";
			};
			name = Debug;
		};
		D0AA8E412464745B00960CA0 /* Release */ = {
			isa = XCBuildConfiguration;
			baseConfigurationReference = 0BB1D2FC5F6B0A572B94F696 /* Pods-ShareIt.release.xcconfig */;
			buildSettings = {
				ASSETCATALOG_COMPILER_APPICON_NAME = AppIcon;
				CODE_SIGN_STYLE = Automatic;
				DEVELOPMENT_TEAM = HD2RKYZB55;
				INFOPLIST_FILE = ShareIt/Info.plist;
				LD_RUNPATH_SEARCH_PATHS = (
					"$(inherited)",
					"@executable_path/Frameworks",
				);
				PRODUCT_BUNDLE_IDENTIFIER = "Deniz-Cakmak.ShareIt";
				PRODUCT_NAME = "$(TARGET_NAME)";
				SWIFT_VERSION = 5.0;
				TARGETED_DEVICE_FAMILY = "1,2";
			};
			name = Release;
		};
/* End XCBuildConfiguration section */

/* Begin XCConfigurationList section */
		D0AA8E262464745A00960CA0 /* Build configuration list for PBXProject "ShareIt" */ = {
			isa = XCConfigurationList;
			buildConfigurations = (
				D0AA8E3D2464745B00960CA0 /* Debug */,
				D0AA8E3E2464745B00960CA0 /* Release */,
			);
			defaultConfigurationIsVisible = 0;
			defaultConfigurationName = Release;
		};
		D0AA8E3F2464745B00960CA0 /* Build configuration list for PBXNativeTarget "ShareIt" */ = {
			isa = XCConfigurationList;
			buildConfigurations = (
				D0AA8E402464745B00960CA0 /* Debug */,
				D0AA8E412464745B00960CA0 /* Release */,
			);
			defaultConfigurationIsVisible = 0;
			defaultConfigurationName = Release;
		};
/* End XCConfigurationList section */
	};
	rootObject = D0AA8E232464745A00960CA0 /* Project object */;
}
